
Microsoft Visual Studio Solution File, Format Version 12.00
# Visual Studio Version 17
VisualStudioVersion = 17.10.35027.167
MinimumVisualStudioVersion = 10.0.40219.1
Project("{FAE04EC0-301F-11D3-BF4B-00C04F79EFBC}") = "Metrics", "Metrics\Metrics.csproj", "{D13F82EA-39C0-4AB2-B25D-49D25E746FEF}"
EndProject
Global
	GlobalSection(SolutionConfigurationPlatforms) = preSolution
		Debug|Any CPU = Debug|Any CPU
		Release|Any CPU = Release|Any CPU
	EndGlobalSection
	GlobalSection(ProjectConfigurationPlatforms) = postSolution
		{D13F82EA-39C0-4AB2-B25D-49D25E746FEF}.Debug|Any CPU.ActiveCfg = Debug|Any CPU
		{D13F82EA-39C0-4AB2-B25D-49D25E746FEF}.Debug|Any CPU.Build.0 = Debug|Any CPU
		{D13F82EA-39C0-4AB2-B25D-49D25E746FEF}.Release|Any CPU.ActiveCfg = Release|Any CPU
		{D13F82EA-39C0-4AB2-B25D-49D25E746FEF}.Release|Any CPU.Build.0 = Release|Any CPU
	EndGlobalSection
	GlobalSection(SolutionProperties) = preSolution
		HideSolutionNode = FALSE
	EndGlobalSection
	GlobalSection(ExtensibilityGlobals) = postSolution
		SolutionGuid = {930B6993-320A-47E3-9896-0107664FDC7C}
	EndGlobalSection
EndGlobal
